
Microsoft Visual Studio Solution File, Format Version 12.00
# Visual Studio Version 16
VisualStudioVersion = 16.0.29503.13
MinimumVisualStudioVersion = 10.0.40219.1
Project("{FAE04EC0-301F-11D3-BF4B-00C04F79EFBC}") = "Pilim_ADONET", "Pilim_ADONET\Pilim_ADONET.csproj", "{FEE42777-64C8-4D3C-9E7E-C6A03A5D2712}"
EndProject
Project("{FAE04EC0-301F-11D3-BF4B-00C04F79EFBC}") = "Pilim_EF", "Pilim_EF\Pilim_EF.csproj", "{7BBF560B-5C9C-44FB-B249-9E30FFA167E1}"
EndProject
Global
	GlobalSection(SolutionConfigurationPlatforms) = preSolution
		Debug|Any CPU = Debug|Any CPU
		Release|Any CPU = Release|Any CPU
	EndGlobalSection
	GlobalSection(ProjectConfigurationPlatforms) = postSolution
		{FEE42777-64C8-4D3C-9E7E-C6A03A5D2712}.Debug|Any CPU.ActiveCfg = Debug|Any CPU
		{FEE42777-64C8-4D3C-9E7E-C6A03A5D2712}.Debug|Any CPU.Build.0 = Debug|Any CPU
		{FEE42777-64C8-4D3C-9E7E-C6A03A5D2712}.Release|Any CPU.ActiveCfg = Release|Any CPU
		{FEE42777-64C8-4D3C-9E7E-C6A03A5D2712}.Release|Any CPU.Build.0 = Release|Any CPU
		{7BBF560B-5C9C-44FB-B249-9E30FFA167E1}.Debug|Any CPU.ActiveCfg = Debug|Any CPU
		{7BBF560B-5C9C-44FB-B249-9E30FFA167E1}.Debug|Any CPU.Build.0 = Debug|Any CPU
		{7BBF560B-5C9C-44FB-B249-9E30FFA167E1}.Release|Any CPU.ActiveCfg = Release|Any CPU
		{7BBF560B-5C9C-44FB-B249-9E30FFA167E1}.Release|Any CPU.Build.0 = Release|Any CPU
	EndGlobalSection
	GlobalSection(SolutionProperties) = preSolution
		HideSolutionNode = FALSE
	EndGlobalSection
	GlobalSection(ExtensibilityGlobals) = postSolution
		SolutionGuid = {9A65A85E-5FD2-48F1-9A2E-66DEF785BA43}
	EndGlobalSection
EndGlobal
